// !$*UTF8*$!
{
	archiveVersion = 1;
	classes = {
	};
	objectVersion = 46;
	objects = {

/* Begin PBXBuildFile section */
		4F29EF0D1E9D529B00C813DB /* RestaurantDetailTableViewCell.swift in Sources */ = {isa = PBXBuildFile; fileRef = 4F29EF0C1E9D529B00C813DB /* RestaurantDetailTableViewCell.swift */; };
		4F8CFDF31E9AC4B6002B1D21 /* AppDelegate.swift in Sources */ = {isa = PBXBuildFile; fileRef = 4F8CFDF21E9AC4B6002B1D21 /* AppDelegate.swift */; };
		4F8CFDF81E9AC4B6002B1D21 /* Main.storyboard in Resources */ = {isa = PBXBuildFile; fileRef = 4F8CFDF61E9AC4B6002B1D21 /* Main.storyboard */; };
		4F8CFDFA1E9AC4B6002B1D21 /* Assets.xcassets in Resources */ = {isa = PBXBuildFile; fileRef = 4F8CFDF91E9AC4B6002B1D21 /* Assets.xcassets */; };
		4F8CFDFD1E9AC4B6002B1D21 /* LaunchScreen.storyboard in Resources */ = {isa = PBXBuildFile; fileRef = 4F8CFDFB1E9AC4B6002B1D21 /* LaunchScreen.storyboard */; };
		4F8CFE081E9AC4B6002B1D21 /* FoodPinAppTests.swift in Sources */ = {isa = PBXBuildFile; fileRef = 4F8CFE071E9AC4B6002B1D21 /* FoodPinAppTests.swift */; };
		4F8CFE131E9AC4B6002B1D21 /* FoodPinAppUITests.swift in Sources */ = {isa = PBXBuildFile; fileRef = 4F8CFE121E9AC4B6002B1D21 /* FoodPinAppUITests.swift */; };
		4F8CFE211E9ADC2D002B1D21 /* Restaurant.swift in Sources */ = {isa = PBXBuildFile; fileRef = 4F8CFE201E9ADC2D002B1D21 /* Restaurant.swift */; };
		4F8CFE231E9AE198002B1D21 /* RestaurantTableViewController.swift in Sources */ = {isa = PBXBuildFile; fileRef = 4F8CFE221E9AE198002B1D21 /* RestaurantTableViewController.swift */; };
		4F8CFE251E9AE9AD002B1D21 /* RestaurantTableViewCell.swift in Sources */ = {isa = PBXBuildFile; fileRef = 4F8CFE241E9AE9AD002B1D21 /* RestaurantTableViewCell.swift */; };
		4F8CFE271E9BBA1D002B1D21 /* RestaurantDetailViewController.swift in Sources */ = {isa = PBXBuildFile; fileRef = 4F8CFE261E9BBA1D002B1D21 /* RestaurantDetailViewController.swift */; };
		4FD1BB1E1FFD87F400342FD4 /* NewRestaurantTableViewCotroller.swift in Sources */ = {isa = PBXBuildFile; fileRef = 4FD1BB1D1FFD87F400342FD4 /* NewRestaurantTableViewCotroller.swift */; };
/* End PBXBuildFile section */

/* Begin PBXContainerItemProxy section */
		4F8CFE041E9AC4B6002B1D21 /* PBXContainerItemProxy */ = {
			isa = PBXContainerItemProxy;
			containerPortal = 4F8CFDE71E9AC4B6002B1D21 /* Project object */;
			proxyType = 1;
			remoteGlobalIDString = 4F8CFDEE1E9AC4B6002B1D21;
			remoteInfo = TableApp;
		};
		4F8CFE0F1E9AC4B6002B1D21 /* PBXContainerItemProxy */ = {
			isa = PBXContainerItemProxy;
			containerPortal = 4F8CFDE71E9AC4B6002B1D21 /* Project object */;
			proxyType = 1;
			remoteGlobalIDString = 4F8CFDEE1E9AC4B6002B1D21;
			remoteInfo = TableApp;
		};
/* End PBXContainerItemProxy section */

/* Begin PBXFileReference section */
		4F29EF0C1E9D529B00C813DB /* RestaurantDetailTableViewCell.swift */ = {isa = PBXFileReference; fileEncoding = 4; lastKnownFileType = sourcecode.swift; path = RestaurantDetailTableViewCell.swift; sourceTree = "<group>"; };
		4F8CFDEF1E9AC4B6002B1D21 /* FoodPin.app */ = {isa = PBXFileReference; explicitFileType = wrapper.application; includeInIndex = 0; path = FoodPin.app; sourceTree = BUILT_PRODUCTS_DIR; };
		4F8CFDF21E9AC4B6002B1D21 /* AppDelegate.swift */ = {isa = PBXFileReference; lastKnownFileType = sourcecode.swift; path = AppDelegate.swift; sourceTree = "<group>"; };
		4F8CFDF71E9AC4B6002B1D21 /* Base */ = {isa = PBXFileReference; lastKnownFileType = file.storyboard; name = Base; path = Base.lproj/Main.storyboard; sourceTree = "<group>"; };
		4F8CFDF91E9AC4B6002B1D21 /* Assets.xcassets */ = {isa = PBXFileReference; lastKnownFileType = folder.assetcatalog; path = Assets.xcassets; sourceTree = "<group>"; };
		4F8CFDFC1E9AC4B6002B1D21 /* Base */ = {isa = PBXFileReference; lastKnownFileType = file.storyboard; name = Base; path = Base.lproj/LaunchScreen.storyboard; sourceTree = "<group>"; };
		4F8CFDFE1E9AC4B6002B1D21 /* Info.plist */ = {isa = PBXFileReference; lastKnownFileType = text.plist.xml; path = Info.plist; sourceTree = "<group>"; };
		4F8CFE031E9AC4B6002B1D21 /* FoodPinTests.xctest */ = {isa = PBXFileReference; explicitFileType = wrapper.cfbundle; includeInIndex = 0; path = FoodPinTests.xctest; sourceTree = BUILT_PRODUCTS_DIR; };
		4F8CFE071E9AC4B6002B1D21 /* FoodPinAppTests.swift */ = {isa = PBXFileReference; lastKnownFileType = sourcecode.swift; path = FoodPinAppTests.swift; sourceTree = "<group>"; };
		4F8CFE091E9AC4B6002B1D21 /* Info.plist */ = {isa = PBXFileReference; lastKnownFileType = text.plist.xml; path = Info.plist; sourceTree = "<group>"; };
		4F8CFE0E1E9AC4B6002B1D21 /* FoodPinUITests.xctest */ = {isa = PBXFileReference; explicitFileType = wrapper.cfbundle; includeInIndex = 0; path = FoodPinUITests.xctest; sourceTree = BUILT_PRODUCTS_DIR; };
		4F8CFE121E9AC4B6002B1D21 /* FoodPinAppUITests.swift */ = {isa = PBXFileReference; lastKnownFileType = sourcecode.swift; path = FoodPinAppUITests.swift; sourceTree = "<group>"; };
		4F8CFE141E9AC4B6002B1D21 /* Info.plist */ = {isa = PBXFileReference; lastKnownFileType = text.plist.xml; path = Info.plist; sourceTree = "<group>"; };
		4F8CFE201E9ADC2D002B1D21 /* Restaurant.swift */ = {isa = PBXFileReference; fileEncoding = 4; lastKnownFileType = sourcecode.swift; path = Restaurant.swift; sourceTree = "<group>"; };
		4F8CFE221E9AE198002B1D21 /* RestaurantTableViewController.swift */ = {isa = PBXFileReference; fileEncoding = 4; lastKnownFileType = sourcecode.swift; path = RestaurantTableViewController.swift; sourceTree = "<group>"; };
		4F8CFE241E9AE9AD002B1D21 /* RestaurantTableViewCell.swift */ = {isa = PBXFileReference; fileEncoding = 4; lastKnownFileType = sourcecode.swift; path = RestaurantTableViewCell.swift; sourceTree = "<group>"; };
		4F8CFE261E9BBA1D002B1D21 /* RestaurantDetailViewController.swift */ = {isa = PBXFileReference; fileEncoding = 4; lastKnownFileType = sourcecode.swift; path = RestaurantDetailViewController.swift; sourceTree = "<group>"; };
		4FD1BB1D1FFD87F400342FD4 /* NewRestaurantTableViewCotroller.swift */ = {isa = PBXFileReference; fileEncoding = 4; lastKnownFileType = sourcecode.swift; path = NewRestaurantTableViewCotroller.swift; sourceTree = "<group>"; };
/* End PBXFileReference section */

/* Begin PBXFrameworksBuildPhase section */
		4F8CFDEC1E9AC4B6002B1D21 /* Frameworks */ = {
			isa = PBXFrameworksBuildPhase;
			buildActionMask = 2147483647;
			files = (
			);
			runOnlyForDeploymentPostprocessing = 0;
		};
		4F8CFE001E9AC4B6002B1D21 /* Frameworks */ = {
			isa = PBXFrameworksBuildPhase;
			buildActionMask = 2147483647;
			files = (
			);
			runOnlyForDeploymentPostprocessing = 0;
		};
		4F8CFE0B1E9AC4B6002B1D21 /* Frameworks */ = {
			isa = PBXFrameworksBuildPhase;
			buildActionMask = 2147483647;
			files = (
			);
			runOnlyForDeploymentPostprocessing = 0;
		};
/* End PBXFrameworksBuildPhase section */

/* Begin PBXGroup section */
		4F8CFDE61E9AC4B6002B1D21 = {
			isa = PBXGroup;
			children = (
				4F8CFDF11E9AC4B6002B1D21 /* FoodPin */,
				4F8CFE061E9AC4B6002B1D21 /* FoodPinAppTests */,
				4F8CFE111E9AC4B6002B1D21 /* FoodPinAppUITests */,
				4F8CFDF01E9AC4B6002B1D21 /* Products */,
			);
			sourceTree = "<group>";
		};
		4F8CFDF01E9AC4B6002B1D21 /* Products */ = {
			isa = PBXGroup;
			children = (
				4F8CFDEF1E9AC4B6002B1D21 /* FoodPin.app */,
				4F8CFE031E9AC4B6002B1D21 /* FoodPinTests.xctest */,
				4F8CFE0E1E9AC4B6002B1D21 /* FoodPinUITests.xctest */,
			);
			name = Products;
			sourceTree = "<group>";
		};
		4F8CFDF11E9AC4B6002B1D21 /* FoodPin */ = {
			isa = PBXGroup;
			children = (
				4F8CFDF21E9AC4B6002B1D21 /* AppDelegate.swift */,
				4F8CFDF61E9AC4B6002B1D21 /* Main.storyboard */,
				4F8CFDF91E9AC4B6002B1D21 /* Assets.xcassets */,
				4F8CFDFB1E9AC4B6002B1D21 /* LaunchScreen.storyboard */,
				4F8CFDFE1E9AC4B6002B1D21 /* Info.plist */,
				4F8CFE201E9ADC2D002B1D21 /* Restaurant.swift */,
				4F8CFE221E9AE198002B1D21 /* RestaurantTableViewController.swift */,
				4F8CFE241E9AE9AD002B1D21 /* RestaurantTableViewCell.swift */,
				4F8CFE261E9BBA1D002B1D21 /* RestaurantDetailViewController.swift */,
				4FD1BB1D1FFD87F400342FD4 /* NewRestaurantTableViewCotroller.swift */,
				4F29EF0C1E9D529B00C813DB /* RestaurantDetailTableViewCell.swift */,
			);
			name = FoodPin;
			path = TableApp;
			sourceTree = "<group>";
		};
		4F8CFE061E9AC4B6002B1D21 /* FoodPinAppTests */ = {
			isa = PBXGroup;
			children = (
				4F8CFE071E9AC4B6002B1D21 /* FoodPinAppTests.swift */,
				4F8CFE091E9AC4B6002B1D21 /* Info.plist */,
			);
			name = FoodPinAppTests;
			path = TableAppTests;
			sourceTree = "<group>";
		};
		4F8CFE111E9AC4B6002B1D21 /* FoodPinAppUITests */ = {
			isa = PBXGroup;
			children = (
				4F8CFE121E9AC4B6002B1D21 /* FoodPinAppUITests.swift */,
				4F8CFE141E9AC4B6002B1D21 /* Info.plist */,
			);
			name = FoodPinAppUITests;
			path = TableAppUITests;
			sourceTree = "<group>";
		};
/* End PBXGroup section */

/* Begin PBXNativeTarget section */
		4F8CFDEE1E9AC4B6002B1D21 /* FoodPin */ = {
			isa = PBXNativeTarget;
			buildConfigurationList = 4F8CFE171E9AC4B6002B1D21 /* Build configuration list for PBXNativeTarget "FoodPin" */;
			buildPhases = (
				4F8CFDEB1E9AC4B6002B1D21 /* Sources */,
				4F8CFDEC1E9AC4B6002B1D21 /* Frameworks */,
				4F8CFDED1E9AC4B6002B1D21 /* Resources */,
			);
			buildRules = (
			);
			dependencies = (
			);
			name = FoodPin;
			productName = TableApp;
			productReference = 4F8CFDEF1E9AC4B6002B1D21 /* FoodPin.app */;
			productType = "com.apple.product-type.application";
		};
		4F8CFE021E9AC4B6002B1D21 /* FoodPinTests */ = {
			isa = PBXNativeTarget;
			buildConfigurationList = 4F8CFE1A1E9AC4B6002B1D21 /* Build configuration list for PBXNativeTarget "FoodPinTests" */;
			buildPhases = (
				4F8CFDFF1E9AC4B6002B1D21 /* Sources */,
				4F8CFE001E9AC4B6002B1D21 /* Frameworks */,
				4F8CFE011E9AC4B6002B1D21 /* Resources */,
			);
			buildRules = (
			);
			dependencies = (
				4F8CFE051E9AC4B6002B1D21 /* PBXTargetDependency */,
			);
			name = FoodPinTests;
			productName = TableAppTests;
			productReference = 4F8CFE031E9AC4B6002B1D21 /* FoodPinTests.xctest */;
			productType = "com.apple.product-type.bundle.unit-test";
		};
		4F8CFE0D1E9AC4B6002B1D21 /* FoodPinUITests */ = {
			isa = PBXNativeTarget;
			buildConfigurationList = 4F8CFE1D1E9AC4B6002B1D21 /* Build configuration list for PBXNativeTarget "FoodPinUITests" */;
			buildPhases = (
				4F8CFE0A1E9AC4B6002B1D21 /* Sources */,
				4F8CFE0B1E9AC4B6002B1D21 /* Frameworks */,
				4F8CFE0C1E9AC4B6002B1D21 /* Resources */,
			);
			buildRules = (
			);
			dependencies = (
				4F8CFE101E9AC4B6002B1D21 /* PBXTargetDependency */,
			);
			name = FoodPinUITests;
			productName = TableAppUITests;
			productReference = 4F8CFE0E1E9AC4B6002B1D21 /* FoodPinUITests.xctest */;
			productType = "com.apple.product-type.bundle.ui-testing";
		};
/* End PBXNativeTarget section */

/* Begin PBXProject section */
		4F8CFDE71E9AC4B6002B1D21 /* Project object */ = {
			isa = PBXProject;
			attributes = {
				LastSwiftUpdateCheck = 0820;
				LastUpgradeCheck = 0820;
				ORGANIZATIONNAME = "Kamil Szalek";
				TargetAttributes = {
					4F8CFDEE1E9AC4B6002B1D21 = {
						CreatedOnToolsVersion = 8.2.1;
						ProvisioningStyle = Automatic;
					};
					4F8CFE021E9AC4B6002B1D21 = {
						CreatedOnToolsVersion = 8.2.1;
						ProvisioningStyle = Automatic;
						TestTargetID = 4F8CFDEE1E9AC4B6002B1D21;
					};
					4F8CFE0D1E9AC4B6002B1D21 = {
						CreatedOnToolsVersion = 8.2.1;
						ProvisioningStyle = Automatic;
						TestTargetID = 4F8CFDEE1E9AC4B6002B1D21;
					};
				};
			};
			buildConfigurationList = 4F8CFDEA1E9AC4B6002B1D21 /* Build configuration list for PBXProject "FoodPin" */;
			compatibilityVersion = "Xcode 3.2";
			developmentRegion = English;
			hasScannedForEncodings = 0;
			knownRegions = (
				en,
				Base,
			);
			mainGroup = 4F8CFDE61E9AC4B6002B1D21;
			productRefGroup = 4F8CFDF01E9AC4B6002B1D21 /* Products */;
			projectDirPath = "";
			projectRoot = "";
			targets = (
				4F8CFDEE1E9AC4B6002B1D21 /* FoodPin */,
				4F8CFE021E9AC4B6002B1D21 /* FoodPinTests */,
				4F8CFE0D1E9AC4B6002B1D21 /* FoodPinUITests */,
			);
		};
/* End PBXProject section */

/* Begin PBXResourcesBuildPhase section */
		4F8CFDED1E9AC4B6002B1D21 /* Resources */ = {
			isa = PBXResourcesBuildPhase;
			buildActionMask = 2147483647;
			files = (
				4F8CFDFD1E9AC4B6002B1D21 /* LaunchScreen.storyboard in Resources */,
				4F8CFDFA1E9AC4B6002B1D21 /* Assets.xcassets in Resources */,
				4F8CFDF81E9AC4B6002B1D21 /* Main.storyboard in Resources */,
			);
			runOnlyForDeploymentPostprocessing = 0;
		};
		4F8CFE011E9AC4B6002B1D21 /* Resources */ = {
			isa = PBXResourcesBuildPhase;
			buildActionMask = 2147483647;
			files = (
			);
			runOnlyForDeploymentPostprocessing = 0;
		};
		4F8CFE0C1E9AC4B6002B1D21 /* Resources */ = {
			isa = PBXResourcesBuildPhase;
			buildActionMask = 2147483647;
			files = (
			);
			runOnlyForDeploymentPostprocessing = 0;
		};
/* End PBXResourcesBuildPhase section */

/* Begin PBXSourcesBuildPhase section */
		4F8CFDEB1E9AC4B6002B1D21 /* Sources */ = {
			isa = PBXSourcesBuildPhase;
			buildActionMask = 2147483647;
			files = (
				4F8CFE251E9AE9AD002B1D21 /* RestaurantTableViewCell.swift in Sources */,
				4F8CFDF31E9AC4B6002B1D21 /* AppDelegate.swift in Sources */,
				4FD1BB1E1FFD87F400342FD4 /* NewRestaurantTableViewCotroller.swift in Sources */,
				4F8CFE271E9BBA1D002B1D21 /* RestaurantDetailViewController.swift in Sources */,
				4F29EF0D1E9D529B00C813DB /* RestaurantDetailTableViewCell.swift in Sources */,
				4F8CFE211E9ADC2D002B1D21 /* Restaurant.swift in Sources */,
				4F8CFE231E9AE198002B1D21 /* RestaurantTableViewController.swift in Sources */,
			);
			runOnlyForDeploymentPostprocessing = 0;
		};
		4F8CFDFF1E9AC4B6002B1D21 /* Sources */ = {
			isa = PBXSourcesBuildPhase;
			buildActionMask = 2147483647;
			files = (
				4F8CFE081E9AC4B6002B1D21 /* FoodPinAppTests.swift in Sources */,
			);
			runOnlyForDeploymentPostprocessing = 0;
		};
		4F8CFE0A1E9AC4B6002B1D21 /* Sources */ = {
			isa = PBXSourcesBuildPhase;
			buildActionMask = 2147483647;
			files = (
				4F8CFE131E9AC4B6002B1D21 /* FoodPinAppUITests.swift in Sources */,
			);
			runOnlyForDeploymentPostprocessing = 0;
		};
/* End PBXSourcesBuildPhase section */

/* Begin PBXTargetDependency section */
		4F8CFE051E9AC4B6002B1D21 /* PBXTargetDependency */ = {
			isa = PBXTargetDependency;
			target = 4F8CFDEE1E9AC4B6002B1D21 /* FoodPin */;
			targetProxy = 4F8CFE041E9AC4B6002B1D21 /* PBXContainerItemProxy */;
		};
		4F8CFE101E9AC4B6002B1D21 /* PBXTargetDependency */ = {
			isa = PBXTargetDependency;
			target = 4F8CFDEE1E9AC4B6002B1D21 /* FoodPin */;
			targetProxy = 4F8CFE0F1E9AC4B6002B1D21 /* PBXContainerItemProxy */;
		};
/* End PBXTargetDependency section */

/* Begin PBXVariantGroup section */
		4F8CFDF61E9AC4B6002B1D21 /* Main.storyboard */ = {
			isa = PBXVariantGroup;
			children = (
				4F8CFDF71E9AC4B6002B1D21 /* Base */,
			);
			name = Main.storyboard;
			sourceTree = "<group>";
		};
		4F8CFDFB1E9AC4B6002B1D21 /* LaunchScreen.storyboard */ = {
			isa = PBXVariantGroup;
			children = (
				4F8CFDFC1E9AC4B6002B1D21 /* Base */,
			);
			name = LaunchScreen.storyboard;
			sourceTree = "<group>";
		};
/* End PBXVariantGroup section */

/* Begin XCBuildConfiguration section */
		4F8CFE151E9AC4B6002B1D21 /* Debug */ = {
			isa = XCBuildConfiguration;
			buildSettings = {
				ALWAYS_SEARCH_USER_PATHS = NO;
				CLANG_ANALYZER_NONNULL = YES;
				CLANG_CXX_LANGUAGE_STANDARD = "gnu++0x";
				CLANG_CXX_LIBRARY = "libc++";
				CLANG_ENABLE_MODULES = YES;
				CLANG_ENABLE_OBJC_ARC = YES;
				CLANG_WARN_BOOL_CONVERSION = YES;
				CLANG_WARN_CONSTANT_CONVERSION = YES;
				CLANG_WARN_DIRECT_OBJC_ISA_USAGE = YES_ERROR;
				CLANG_WARN_DOCUMENTATION_COMMENTS = YES;
				CLANG_WARN_EMPTY_BODY = YES;
				CLANG_WARN_ENUM_CONVERSION = YES;
				CLANG_WARN_INFINITE_RECURSION = YES;
				CLANG_WARN_INT_CONVERSION = YES;
				CLANG_WARN_OBJC_ROOT_CLASS = YES_ERROR;
				CLANG_WARN_SUSPICIOUS_MOVE = YES;
				CLANG_WARN_UNREACHABLE_CODE = YES;
				CLANG_WARN__DUPLICATE_METHOD_MATCH = YES;
				"CODE_SIGN_IDENTITY[sdk=iphoneos*]" = "iPhone Developer";
				COPY_PHASE_STRIP = NO;
				DEBUG_INFORMATION_FORMAT = dwarf;
				ENABLE_STRICT_OBJC_MSGSEND = YES;
				ENABLE_TESTABILITY = YES;
				GCC_C_LANGUAGE_STANDARD = gnu99;
				GCC_DYNAMIC_NO_PIC = NO;
				GCC_NO_COMMON_BLOCKS = YES;
				GCC_OPTIMIZATION_LEVEL = 0;
				GCC_PREPROCESSOR_DEFINITIONS = (
					"DEBUG=1",
					"$(inherited)",
				);
				GCC_WARN_64_TO_32_BIT_CONVERSION = YES;
				GCC_WARN_ABOUT_RETURN_TYPE = YES_ERROR;
				GCC_WARN_UNDECLARED_SELECTOR = YES;
				GCC_WARN_UNINITIALIZED_AUTOS = YES_AGGRESSIVE;
				GCC_WARN_UNUSED_FUNCTION = YES;
				GCC_WARN_UNUSED_VARIABLE = YES;
				IPHONEOS_DEPLOYMENT_TARGET = 10.2;
				MTL_ENABLE_DEBUG_INFO = YES;
				ONLY_ACTIVE_ARCH = YES;
				SDKROOT = iphoneos;
				SWIFT_ACTIVE_COMPILATION_CONDITIONS = DEBUG;
				SWIFT_OPTIMIZATION_LEVEL = "-Onone";
				TARGETED_DEVICE_FAMILY = "1,2";
			};
			name = Debug;
		};
		4F8CFE161E9AC4B6002B1D21 /* Release */ = {
			isa = XCBuildConfiguration;
			buildSettings = {
				ALWAYS_SEARCH_USER_PATHS = NO;
				CLANG_ANALYZER_NONNULL = YES;
				CLANG_CXX_LANGUAGE_STANDARD = "gnu++0x";
				CLANG_CXX_LIBRARY = "libc++";
				CLANG_ENABLE_MODULES = YES;
				CLANG_ENABLE_OBJC_ARC = YES;
				CLANG_WARN_BOOL_CONVERSION = YES;
				CLANG_WARN_CONSTANT_CONVERSION = YES;
				CLANG_WARN_DIRECT_OBJC_ISA_USAGE = YES_ERROR;
				CLANG_WARN_DOCUMENTATION_COMMENTS = YES;
				CLANG_WARN_EMPTY_BODY = YES;
				CLANG_WARN_ENUM_CONVERSION = YES;
				CLANG_WARN_INFINITE_RECURSION = YES;
				CLANG_WARN_INT_CONVERSION = YES;
				CLANG_WARN_OBJC_ROOT_CLASS = YES_ERROR;
				CLANG_WARN_SUSPICIOUS_MOVE = YES;
				CLANG_WARN_UNREACHABLE_CODE = YES;
				CLANG_WARN__DUPLICATE_METHOD_MATCH = YES;
				"CODE_SIGN_IDENTITY[sdk=iphoneos*]" = "iPhone Developer";
				COPY_PHASE_STRIP = NO;
				DEBUG_INFORMATION_FORMAT = "dwarf-with-dsym";
				ENABLE_NS_ASSERTIONS = NO;
				ENABLE_STRICT_OBJC_MSGSEND = YES;
				GCC_C_LANGUAGE_STANDARD = gnu99;
				GCC_NO_COMMON_BLOCKS = YES;
				GCC_WARN_64_TO_32_BIT_CONVERSION = YES;
				GCC_WARN_ABOUT_RETURN_TYPE = YES_ERROR;
				GCC_WARN_UNDECLARED_SELECTOR = YES;
				GCC_WARN_UNINITIALIZED_AUTOS = YES_AGGRESSIVE;
				GCC_WARN_UNUSED_FUNCTION = YES;
				GCC_WARN_UNUSED_VARIABLE = YES;
				IPHONEOS_DEPLOYMENT_TARGET = 10.2;
				MTL_ENABLE_DEBUG_INFO = NO;
				SDKROOT = iphoneos;
				SWIFT_OPTIMIZATION_LEVEL = "-Owholemodule";
				TARGETED_DEVICE_FAMILY = "1,2";
				VALIDATE_PRODUCT = YES;
			};
			name = Release;
		};
		4F8CFE181E9AC4B6002B1D21 /* Debug */ = {
			isa = XCBuildConfiguration;
			buildSettings = {
				ASSETCATALOG_COMPILER_APPICON_NAME = AppIcon;
				INFOPLIST_FILE = TableApp/Info.plist;
				LD_RUNPATH_SEARCH_PATHS = "$(inherited) @executable_path/Frameworks";
				PRODUCT_BUNDLE_IDENTIFIER = szalo.TableApp;
				PRODUCT_NAME = "$(TARGET_NAME)";
				SWIFT_VERSION = 3.0;
			};
			name = Debug;
		};
		4F8CFE191E9AC4B6002B1D21 /* Release */ = {
			isa = XCBuildConfiguration;
			buildSettings = {
				ASSETCATALOG_COMPILER_APPICON_NAME = AppIcon;
				INFOPLIST_FILE = TableApp/Info.plist;
				LD_RUNPATH_SEARCH_PATHS = "$(inherited) @executable_path/Frameworks";
				PRODUCT_BUNDLE_IDENTIFIER = szalo.TableApp;
				PRODUCT_NAME = "$(TARGET_NAME)";
				SWIFT_VERSION = 3.0;
			};
			name = Release;
		};
		4F8CFE1B1E9AC4B6002B1D21 /* Debug */ = {
			isa = XCBuildConfiguration;
			buildSettings = {
				ALWAYS_EMBED_SWIFT_STANDARD_LIBRARIES = YES;
				BUNDLE_LOADER = "$(TEST_HOST)";
				INFOPLIST_FILE = TableAppTests/Info.plist;
				LD_RUNPATH_SEARCH_PATHS = "$(inherited) @executable_path/Frameworks @loader_path/Frameworks";
				PRODUCT_BUNDLE_IDENTIFIER = szalo.TableAppTests;
				PRODUCT_NAME = "$(TARGET_NAME)";
				SWIFT_VERSION = 3.0;
				TEST_HOST = "$(BUILT_PRODUCTS_DIR)/FoodPin.app/FoodPin";
			};
			name = Debug;
		};
		4F8CFE1C1E9AC4B6002B1D21 /* Release */ = {
			isa = XCBuildConfiguration;
			buildSettings = {
				ALWAYS_EMBED_SWIFT_STANDARD_LIBRARIES = YES;
				BUNDLE_LOADER = "$(TEST_HOST)";
				INFOPLIST_FILE = TableAppTests/Info.plist;
				LD_RUNPATH_SEARCH_PATHS = "$(inherited) @executable_path/Frameworks @loader_path/Frameworks";
				PRODUCT_BUNDLE_IDENTIFIER = szalo.TableAppTests;
				PRODUCT_NAME = "$(TARGET_NAME)";
				SWIFT_VERSION = 3.0;
				TEST_HOST = "$(BUILT_PRODUCTS_DIR)/FoodPin.app/FoodPin";
			};
			name = Release;
		};
		4F8CFE1E1E9AC4B6002B1D21 /* Debug */ = {
			isa = XCBuildConfiguration;
			buildSettings = {
				ALWAYS_EMBED_SWIFT_STANDARD_LIBRARIES = YES;
				INFOPLIST_FILE = TableAppUITests/Info.plist;
				LD_RUNPATH_SEARCH_PATHS = "$(inherited) @executable_path/Frameworks @loader_path/Frameworks";
				PRODUCT_BUNDLE_IDENTIFIER = szalo.TableAppUITests;
				PRODUCT_NAME = "$(TARGET_NAME)";
				SWIFT_VERSION = 3.0;
				TEST_TARGET_NAME = TableApp;
			};
			name = Debug;
		};
		4F8CFE1F1E9AC4B6002B1D21 /* Release */ = {
			isa = XCBuildConfiguration;
			buildSettings = {
				ALWAYS_EMBED_SWIFT_STANDARD_LIBRARIES = YES;
				INFOPLIST_FILE = TableAppUITests/Info.plist;
				LD_RUNPATH_SEARCH_PATHS = "$(inherited) @executable_path/Frameworks @loader_path/Frameworks";
				PRODUCT_BUNDLE_IDENTIFIER = szalo.TableAppUITests;
				PRODUCT_NAME = "$(TARGET_NAME)";
				SWIFT_VERSION = 3.0;
				TEST_TARGET_NAME = TableApp;
			};
			name = Release;
		};
/* End XCBuildConfiguration section */

/* Begin XCConfigurationList section */
		4F8CFDEA1E9AC4B6002B1D21 /* Build configuration list for PBXProject "FoodPin" */ = {
			isa = XCConfigurationList;
			buildConfigurations = (
				4F8CFE151E9AC4B6002B1D21 /* Debug */,
				4F8CFE161E9AC4B6002B1D21 /* Release */,
			);
			defaultConfigurationIsVisible = 0;
			defaultConfigurationName = Release;
		};
		4F8CFE171E9AC4B6002B1D21 /* Build configuration list for PBXNativeTarget "FoodPin" */ = {
			isa = XCConfigurationList;
			buildConfigurations = (
				4F8CFE181E9AC4B6002B1D21 /* Debug */,
				4F8CFE191E9AC4B6002B1D21 /* Release */,
			);
			defaultConfigurationIsVisible = 0;
			defaultConfigurationName = Release;
		};
		4F8CFE1A1E9AC4B6002B1D21 /* Build configuration list for PBXNativeTarget "FoodPinTests" */ = {
			isa = XCConfigurationList;
			buildConfigurations = (
				4F8CFE1B1E9AC4B6002B1D21 /* Debug */,
				4F8CFE1C1E9AC4B6002B1D21 /* Release */,
			);
			defaultConfigurationIsVisible = 0;
			defaultConfigurationName = Release;
		};
		4F8CFE1D1E9AC4B6002B1D21 /* Build configuration list for PBXNativeTarget "FoodPinUITests" */ = {
			isa = XCConfigurationList;
			buildConfigurations = (
				4F8CFE1E1E9AC4B6002B1D21 /* Debug */,
				4F8CFE1F1E9AC4B6002B1D21 /* Release */,
			);
			defaultConfigurationIsVisible = 0;
			defaultConfigurationName = Release;
		};
/* End XCConfigurationList section */
	};
	rootObject = 4F8CFDE71E9AC4B6002B1D21 /* Project object */;
}
